
Microsoft Visual Studio Solution File, Format Version 12.00
# Visual Studio Version 17
VisualStudioVersion = 17.7.34202.233
MinimumVisualStudioVersion = 10.0.40219.1
Project("{FAE04EC0-301F-11D3-BF4B-00C04F79EFBC}") = "SampleCsvProject", "SampleCsvProject\SampleCsvProject.csproj", "{C0E00D13-1B6B-4BA7-BE6A-D1004F2833F7}"
EndProject
Global
	GlobalSection(SolutionConfigurationPlatforms) = preSolution
		Debug|Any CPU = Debug|Any CPU
		Release|Any CPU = Release|Any CPU
	EndGlobalSection
	GlobalSection(ProjectConfigurationPlatforms) = postSolution
		{C0E00D13-1B6B-4BA7-BE6A-D1004F2833F7}.Debug|Any CPU.ActiveCfg = Debug|Any CPU
		{C0E00D13-1B6B-4BA7-BE6A-D1004F2833F7}.Debug|Any CPU.Build.0 = Debug|Any CPU
		{C0E00D13-1B6B-4BA7-BE6A-D1004F2833F7}.Release|Any CPU.ActiveCfg = Release|Any CPU
		{C0E00D13-1B6B-4BA7-BE6A-D1004F2833F7}.Release|Any CPU.Build.0 = Release|Any CPU
	EndGlobalSection
	GlobalSection(SolutionProperties) = preSolution
		HideSolutionNode = FALSE
	EndGlobalSection
	GlobalSection(ExtensibilityGlobals) = postSolution
		SolutionGuid = {3DD7B984-FB67-42E7-A092-6DA0229ADA9B}
	EndGlobalSection
EndGlobal
